
Microsoft Visual Studio Solution File, Format Version 12.00
# Visual Studio Version 17
VisualStudioVersion = 17.7.34221.43
MinimumVisualStudioVersion = 10.0.40219.1
Project("{FAE04EC0-301F-11D3-BF4B-00C04F79EFBC}") = "NetCsharpStructComplexNumbers", "NetCsharpStructComplexNumbers\NetCsharpStructComplexNumbers.csproj", "{46ED16B4-D40A-486D-BEE0-C31113842BCB}"
EndProject
Global
	GlobalSection(SolutionConfigurationPlatforms) = preSolution
		Debug|Any CPU = Debug|Any CPU
		Release|Any CPU = Release|Any CPU
	EndGlobalSection
	GlobalSection(ProjectConfigurationPlatforms) = postSolution
		{46ED16B4-D40A-486D-BEE0-C31113842BCB}.Debug|Any CPU.ActiveCfg = Debug|Any CPU
		{46ED16B4-D40A-486D-BEE0-C31113842BCB}.Debug|Any CPU.Build.0 = Debug|Any CPU
		{46ED16B4-D40A-486D-BEE0-C31113842BCB}.Release|Any CPU.ActiveCfg = Release|Any CPU
		{46ED16B4-D40A-486D-BEE0-C31113842BCB}.Release|Any CPU.Build.0 = Release|Any CPU
	EndGlobalSection
	GlobalSection(SolutionProperties) = preSolution
		HideSolutionNode = FALSE
	EndGlobalSection
	GlobalSection(ExtensibilityGlobals) = postSolution
		SolutionGuid = {4B0E6E3A-111B-401C-B0EF-38A1C2C98F79}
	EndGlobalSection
EndGlobal
